Microsoft Visual Studio Solution File, Format Version 12.00
# Visual Studio Version 17
VisualStudioVersion = 17.5.2.0
MinimumVisualStudioVersion = 10.0.40219.1
Project("{FAE04EC0-301F-11D3-BF4B-00C04F79EFBC}") = "VehicleRegistryAPI", "VehicleRegistryAPI.csproj", "{BB8BC379-077F-0286-596A-569A88BAACAE}"
EndProject
Global
	GlobalSection(SolutionConfigurationPlatforms) = preSolution
		Debug|Any CPU = Debug|Any CPU
		Release|Any CPU = Release|Any CPU
	EndGlobalSection
	GlobalSection(ProjectConfigurationPlatforms) = postSolution
		{BB8BC379-077F-0286-596A-569A88BAACAE}.Debug|Any CPU.ActiveCfg = Debug|Any CPU
		{BB8BC379-077F-0286-596A-569A88BAACAE}.Debug|Any CPU.Build.0 = Debug|Any CPU
		{BB8BC379-077F-0286-596A-569A88BAACAE}.Release|Any CPU.ActiveCfg = Release|Any CPU
		{BB8BC379-077F-0286-596A-569A88BAACAE}.Release|Any CPU.Build.0 = Release|Any CPU
	EndGlobalSection
	GlobalSection(SolutionProperties) = preSolution
		HideSolutionNode = FALSE
	EndGlobalSection
	GlobalSection(ExtensibilityGlobals) = postSolution
		SolutionGuid = {A771B3F0-39B9-40DC-83DB-110DC59EB475}
	EndGlobalSection
EndGlobal
